
Microsoft Visual Studio Solution File, Format Version 12.00
# Visual Studio Version 17
VisualStudioVersion = 17.4.33213.308
MinimumVisualStudioVersion = 10.0.40219.1
Project("{FAE04EC0-301F-11D3-BF4B-00C04F79EFBC}") = "StarWars Web App", "StarWars Web App\StarWars Web App.csproj", "{CE5F5BE9-1606-4C3F-B9C6-71F067813175}"
EndProject
Global
	GlobalSection(SolutionConfigurationPlatforms) = preSolution
		Debug|Any CPU = Debug|Any CPU
		Release|Any CPU = Release|Any CPU
	EndGlobalSection
	GlobalSection(ProjectConfigurationPlatforms) = postSolution
		{CE5F5BE9-1606-4C3F-B9C6-71F067813175}.Debug|Any CPU.ActiveCfg = Debug|Any CPU
		{CE5F5BE9-1606-4C3F-B9C6-71F067813175}.Debug|Any CPU.Build.0 = Debug|Any CPU
		{CE5F5BE9-1606-4C3F-B9C6-71F067813175}.Release|Any CPU.ActiveCfg = Release|Any CPU
		{CE5F5BE9-1606-4C3F-B9C6-71F067813175}.Release|Any CPU.Build.0 = Release|Any CPU
	EndGlobalSection
	GlobalSection(SolutionProperties) = preSolution
		HideSolutionNode = FALSE
	EndGlobalSection
	GlobalSection(ExtensibilityGlobals) = postSolution
		SolutionGuid = {4B19766F-F122-4D96-AEF4-414E0337C3F4}
	EndGlobalSection
EndGlobal
